
Microsoft Visual Studio Solution File, Format Version 12.00
# Visual Studio Version 16
VisualStudioVersion = 16.0.31624.102
MinimumVisualStudioVersion = 10.0.40219.1
Project("{FAE04EC0-301F-11D3-BF4B-00C04F79EFBC}") = "Sort Simulation", "Sort Simulation\Sort Simulation.csproj", "{0C5E2D6F-F73C-4CDD-82D5-2AE11BE91C29}"
EndProject
Global
	GlobalSection(SolutionConfigurationPlatforms) = preSolution
		Debug|Any CPU = Debug|Any CPU
		Release|Any CPU = Release|Any CPU
	EndGlobalSection
	GlobalSection(ProjectConfigurationPlatforms) = postSolution
		{0C5E2D6F-F73C-4CDD-82D5-2AE11BE91C29}.Debug|Any CPU.ActiveCfg = Debug|Any CPU
		{0C5E2D6F-F73C-4CDD-82D5-2AE11BE91C29}.Debug|Any CPU.Build.0 = Debug|Any CPU
		{0C5E2D6F-F73C-4CDD-82D5-2AE11BE91C29}.Release|Any CPU.ActiveCfg = Release|Any CPU
		{0C5E2D6F-F73C-4CDD-82D5-2AE11BE91C29}.Release|Any CPU.Build.0 = Release|Any CPU
	EndGlobalSection
	GlobalSection(SolutionProperties) = preSolution
		HideSolutionNode = FALSE
	EndGlobalSection
	GlobalSection(ExtensibilityGlobals) = postSolution
		SolutionGuid = {ABDDF084-FFBC-492E-AD7B-1837E4E9F47E}
	EndGlobalSection
EndGlobal
